# This file is automatically @generated by Cargo.
# It is not intended for manual editing.
version = 3

[[package]]
name = "_rust_enums"
version = "0.1.0"

[[package]]
name = "_rust_minigrep"
version = "0.1.0"

[[package]]
name = "_rust_oop"
version = "0.1.0"

[[package]]
name = "_rust_ownership_mistakes"
version = "0.1.0"

[[package]]
name = "_rust_slice"
version = "0.1.0"

[[package]]
name = "_rust_structs"
version = "0.1.0"
